
Microsoft Visual Studio Solution File, Format Version 12.00
# Visual Studio Version 17
VisualStudioVersion = 17.5.002.0
MinimumVisualStudioVersion = 10.0.40219.1
Project("{9A19103F-16F7-4668-BE54-9A1E7A4F7556}") = "ch4studio", "ch4studio.csproj", "{FA2F098C-DC9C-41D3-9B47-CCD18B14DA18}"
EndProject
Project("{2150E333-8FDC-42A3-9474-1A3956D46DE8}") = "RestaurantMenu", "RestaurantMenu", "{08BF6AC3-065D-4D24-95D7-1402FFF13AE6}"
	ProjectSection(SolutionItems) = preProject
		Menu.cs = Menu.cs
		MenuItem.cs = MenuItem.cs
	EndProjectSection
EndProject
Global
	GlobalSection(SolutionConfigurationPlatforms) = preSolution
		Debug|Any CPU = Debug|Any CPU
		Release|Any CPU = Release|Any CPU
	EndGlobalSection
	GlobalSection(ProjectConfigurationPlatforms) = postSolution
		{FA2F098C-DC9C-41D3-9B47-CCD18B14DA18}.Debug|Any CPU.ActiveCfg = Debug|Any CPU
		{FA2F098C-DC9C-41D3-9B47-CCD18B14DA18}.Debug|Any CPU.Build.0 = Debug|Any CPU
		{FA2F098C-DC9C-41D3-9B47-CCD18B14DA18}.Release|Any CPU.ActiveCfg = Release|Any CPU
		{FA2F098C-DC9C-41D3-9B47-CCD18B14DA18}.Release|Any CPU.Build.0 = Release|Any CPU
	EndGlobalSection
	GlobalSection(SolutionProperties) = preSolution
		HideSolutionNode = FALSE
	EndGlobalSection
	GlobalSection(ExtensibilityGlobals) = postSolution
		SolutionGuid = {16C0256F-7C20-4B4D-BA86-4EF6D3BFE1E8}
	EndGlobalSection
EndGlobal
